
Microsoft Visual Studio Solution File, Format Version 12.00
# Visual Studio Version 17
VisualStudioVersion = 17.5.33414.496
MinimumVisualStudioVersion = 10.0.40219.1
Project("{9A19103F-16F7-4668-BE54-9A1E7A4F7556}") = "MvcClient", "MvcClient.csproj", "{921724EC-570A-448B-99B7-AD8639A73ABD}"
EndProject
Global
	GlobalSection(SolutionConfigurationPlatforms) = preSolution
		Debug|Any CPU = Debug|Any CPU
		Release|Any CPU = Release|Any CPU
	EndGlobalSection
	GlobalSection(ProjectConfigurationPlatforms) = postSolution
		{921724EC-570A-448B-99B7-AD8639A73ABD}.Debug|Any CPU.ActiveCfg = Debug|Any CPU
		{921724EC-570A-448B-99B7-AD8639A73ABD}.Debug|Any CPU.Build.0 = Debug|Any CPU
		{921724EC-570A-448B-99B7-AD8639A73ABD}.Release|Any CPU.ActiveCfg = Release|Any CPU
		{921724EC-570A-448B-99B7-AD8639A73ABD}.Release|Any CPU.Build.0 = Release|Any CPU
	EndGlobalSection
	GlobalSection(SolutionProperties) = preSolution
		HideSolutionNode = FALSE
	EndGlobalSection
	GlobalSection(ExtensibilityGlobals) = postSolution
		SolutionGuid = {2CA54DB2-6ECF-4F33-94F2-F76F28F5B4B0}
	EndGlobalSection
EndGlobal
